
Microsoft Visual Studio Solution File, Format Version 12.00
# Visual Studio Version 17
VisualStudioVersion = 17.14.36221.1 d17.14
MinimumVisualStudioVersion = 10.0.40219.1
Project("{FAE04EC0-301F-11D3-BF4B-00C04F79EFBC}") = "FitnessWare", "FitnessWare\FitnessWare.csproj", "{98B49822-BF49-4BBB-B414-7DC694C96D2B}"
EndProject
Global
	GlobalSection(SolutionConfigurationPlatforms) = preSolution
		Debug|Any CPU = Debug|Any CPU
		Release|Any CPU = Release|Any CPU
	EndGlobalSection
	GlobalSection(ProjectConfigurationPlatforms) = postSolution
		{98B49822-BF49-4BBB-B414-7DC694C96D2B}.Debug|Any CPU.ActiveCfg = Debug|Any CPU
		{98B49822-BF49-4BBB-B414-7DC694C96D2B}.Debug|Any CPU.Build.0 = Debug|Any CPU
		{98B49822-BF49-4BBB-B414-7DC694C96D2B}.Release|Any CPU.ActiveCfg = Release|Any CPU
		{98B49822-BF49-4BBB-B414-7DC694C96D2B}.Release|Any CPU.Build.0 = Release|Any CPU
	EndGlobalSection
	GlobalSection(SolutionProperties) = preSolution
		HideSolutionNode = FALSE
	EndGlobalSection
	GlobalSection(ExtensibilityGlobals) = postSolution
		SolutionGuid = {7D54B737-4248-4D8C-9476-298290A2B034}
	EndGlobalSection
EndGlobal
